
Microsoft Visual Studio Solution File, Format Version 12.00
# Visual Studio Version 17
VisualStudioVersion = 17.0.31919.166
MinimumVisualStudioVersion = 10.0.40219.1
Project("{2150E333-8FDC-42A3-9474-1A3956D46DE8}") = "Services", "Services", "{49A8E193-77F2-40F7-A272-5B419D8280B7}"
EndProject
Project("{2150E333-8FDC-42A3-9474-1A3956D46DE8}") = "Catalog", "Catalog", "{51A988FC-FAD8-4623-9083-269BEDBB40E6}"
EndProject
Project("{9A19103F-16F7-4668-BE54-9A1E7A4F7556}") = "Catalog.API", "Services\Catalog.API\Catalog.API.csproj", "{018A8FB7-A878-4859-8EA9-A65F941378AA}"
EndProject
Project("{E53339B2-1760-4266-BCC7-CA923CBCF16C}") = "docker-compose", "docker-compose.dcproj", "{7F7F5A12-4AB8-4844-8FAE-A6144A06454F}"
EndProject
Project("{9A19103F-16F7-4668-BE54-9A1E7A4F7556}") = "Basket.API", "Services\Basket\Basket.API\Basket.API.csproj", "{1129182D-29D6-4BA1-B604-9D5C54CD5096}"
EndProject
Project("{2150E333-8FDC-42A3-9474-1A3956D46DE8}") = "Basket", "Basket", "{508912C3-AAB5-4B55-B409-C7CA46FB8BB5}"
EndProject
Project("{2150E333-8FDC-42A3-9474-1A3956D46DE8}") = "Discount", "Discount", "{93E98A19-33C9-4132-BCCA-020A75165303}"
EndProject
Project("{9A19103F-16F7-4668-BE54-9A1E7A4F7556}") = "Discount.API", "Services\Discount.API\Discount.API.csproj", "{26C3E2DB-2297-4CD3-8337-51A8AC533F9B}"
EndProject
Project("{9A19103F-16F7-4668-BE54-9A1E7A4F7556}") = "Discount.Grpc", "Services\Discount.Grpc\Discount.Grpc.csproj", "{4E54135A-A2B8-41F6-8167-8241A0D63307}"
EndProject
Project("{2150E333-8FDC-42A3-9474-1A3956D46DE8}") = "Ordering", "Ordering", "{F0AB39DC-2965-41FF-A58F-34FCC3F3015F}"
EndProject
Project("{9A19103F-16F7-4668-BE54-9A1E7A4F7556}") = "Ordering.API", "Services\Ordering\Ordering.API\Ordering.API.csproj", "{D8E4D4B8-878C-4AFB-B5D9-A60AFBE22ECF}"
EndProject
Project("{9A19103F-16F7-4668-BE54-9A1E7A4F7556}") = "Ordering.Domain", "Services\Ordering\Ordering.Domain\Ordering.Domain.csproj", "{44C5DE78-08FF-41E9-8630-2F574AB278B4}"
EndProject
Project("{9A19103F-16F7-4668-BE54-9A1E7A4F7556}") = "Ordering.Infrastructure", "Services\Ordering\Ordering.Infrastructure\Ordering.Infrastructure.csproj", "{75DEC4FB-03E3-4924-AC96-C06E8C146E42}"
EndProject
Project("{9A19103F-16F7-4668-BE54-9A1E7A4F7556}") = "Ordering.Application", "Services\Ordering\Ordering.Application\Ordering.Application.csproj", "{ED46C51C-15C8-4782-8EC1-A7614C570C66}"
EndProject
Project("{2150E333-8FDC-42A3-9474-1A3956D46DE8}") = "Assets", "Assets", "{06453BFF-0E7E-413F-BDCB-5BC69C4CB42C}"
	ProjectSection(SolutionItems) = preProject
		Services\Ordering\Assets\Order.json = Services\Ordering\Assets\Order.json
	EndProjectSection
EndProject
Project("{2150E333-8FDC-42A3-9474-1A3956D46DE8}") = "BuildingBlocks", "BuildingBlocks", "{B163A841-D097-46F5-B3C4-45B15DCAD1F5}"
EndProject
Project("{9A19103F-16F7-4668-BE54-9A1E7A4F7556}") = "EventBus.Messages", "BuildingBlocks\EventBus.Messages\EventBus.Messages.csproj", "{2AEA1632-A151-4928-A851-F7B69E065701}"
EndProject
Project("{2150E333-8FDC-42A3-9474-1A3956D46DE8}") = "ApiGateways", "ApiGateways", "{C02F51B8-30A3-46AF-9419-7CA5809944F1}"
EndProject
Project("{FAE04EC0-301F-11D3-BF4B-00C04F79EFBC}") = "OcelotApiGW", "ApiGateways\OcelotApiGW\OcelotApiGW.csproj", "{764B3C74-F231-44D1-987C-8695EE4AA9F2}"
EndProject
Project("{FAE04EC0-301F-11D3-BF4B-00C04F79EFBC}") = "ShoppingAggregator", "ApiGateways\ShoppingAggregator\ShoppingAggregator.csproj", "{739A7683-6938-4C39-BC93-8CE91A79F6D9}"
EndProject
Global
	GlobalSection(SolutionConfigurationPlatforms) = preSolution
		Debug|Any CPU = Debug|Any CPU
		Release|Any CPU = Release|Any CPU
	EndGlobalSection
	GlobalSection(ProjectConfigurationPlatforms) = postSolution
		{018A8FB7-A878-4859-8EA9-A65F941378AA}.Debug|Any CPU.ActiveCfg = Debug|Any CPU
		{018A8FB7-A878-4859-8EA9-A65F941378AA}.Debug|Any CPU.Build.0 = Debug|Any CPU
		{018A8FB7-A878-4859-8EA9-A65F941378AA}.Release|Any CPU.ActiveCfg = Release|Any CPU
		{018A8FB7-A878-4859-8EA9-A65F941378AA}.Release|Any CPU.Build.0 = Release|Any CPU
		{7F7F5A12-4AB8-4844-8FAE-A6144A06454F}.Debug|Any CPU.ActiveCfg = Debug|Any CPU
		{7F7F5A12-4AB8-4844-8FAE-A6144A06454F}.Debug|Any CPU.Build.0 = Debug|Any CPU
		{7F7F5A12-4AB8-4844-8FAE-A6144A06454F}.Release|Any CPU.ActiveCfg = Release|Any CPU
		{7F7F5A12-4AB8-4844-8FAE-A6144A06454F}.Release|Any CPU.Build.0 = Release|Any CPU
		{1129182D-29D6-4BA1-B604-9D5C54CD5096}.Debug|Any CPU.ActiveCfg = Debug|Any CPU
		{1129182D-29D6-4BA1-B604-9D5C54CD5096}.Debug|Any CPU.Build.0 = Debug|Any CPU
		{1129182D-29D6-4BA1-B604-9D5C54CD5096}.Release|Any CPU.ActiveCfg = Release|Any CPU
		{1129182D-29D6-4BA1-B604-9D5C54CD5096}.Release|Any CPU.Build.0 = Release|Any CPU
		{26C3E2DB-2297-4CD3-8337-51A8AC533F9B}.Debug|Any CPU.ActiveCfg = Debug|Any CPU
		{26C3E2DB-2297-4CD3-8337-51A8AC533F9B}.Debug|Any CPU.Build.0 = Debug|Any CPU
		{26C3E2DB-2297-4CD3-8337-51A8AC533F9B}.Release|Any CPU.ActiveCfg = Release|Any CPU
		{26C3E2DB-2297-4CD3-8337-51A8AC533F9B}.Release|Any CPU.Build.0 = Release|Any CPU
		{4E54135A-A2B8-41F6-8167-8241A0D63307}.Debug|Any CPU.ActiveCfg = Debug|Any CPU
		{4E54135A-A2B8-41F6-8167-8241A0D63307}.Debug|Any CPU.Build.0 = Debug|Any CPU
		{4E54135A-A2B8-41F6-8167-8241A0D63307}.Release|Any CPU.ActiveCfg = Release|Any CPU
		{4E54135A-A2B8-41F6-8167-8241A0D63307}.Release|Any CPU.Build.0 = Release|Any CPU
		{D8E4D4B8-878C-4AFB-B5D9-A60AFBE22ECF}.Debug|Any CPU.ActiveCfg = Debug|Any CPU
		{D8E4D4B8-878C-4AFB-B5D9-A60AFBE22ECF}.Debug|Any CPU.Build.0 = Debug|Any CPU
		{D8E4D4B8-878C-4AFB-B5D9-A60AFBE22ECF}.Release|Any CPU.ActiveCfg = Release|Any CPU
		{D8E4D4B8-878C-4AFB-B5D9-A60AFBE22ECF}.Release|Any CPU.Build.0 = Release|Any CPU
		{44C5DE78-08FF-41E9-8630-2F574AB278B4}.Debug|Any CPU.ActiveCfg = Debug|Any CPU
		{44C5DE78-08FF-41E9-8630-2F574AB278B4}.Debug|Any CPU.Build.0 = Debug|Any CPU
		{44C5DE78-08FF-41E9-8630-2F574AB278B4}.Release|Any CPU.ActiveCfg = Release|Any CPU
		{44C5DE78-08FF-41E9-8630-2F574AB278B4}.Release|Any CPU.Build.0 = Release|Any CPU
		{75DEC4FB-03E3-4924-AC96-C06E8C146E42}.Debug|Any CPU.ActiveCfg = Debug|Any CPU
		{75DEC4FB-03E3-4924-AC96-C06E8C146E42}.Debug|Any CPU.Build.0 = Debug|Any CPU
		{75DEC4FB-03E3-4924-AC96-C06E8C146E42}.Release|Any CPU.ActiveCfg = Release|Any CPU
		{75DEC4FB-03E3-4924-AC96-C06E8C146E42}.Release|Any CPU.Build.0 = Release|Any CPU
		{ED46C51C-15C8-4782-8EC1-A7614C570C66}.Debug|Any CPU.ActiveCfg = Debug|Any CPU
		{ED46C51C-15C8-4782-8EC1-A7614C570C66}.Debug|Any CPU.Build.0 = Debug|Any CPU
		{ED46C51C-15C8-4782-8EC1-A7614C570C66}.Release|Any CPU.ActiveCfg = Release|Any CPU
		{ED46C51C-15C8-4782-8EC1-A7614C570C66}.Release|Any CPU.Build.0 = Release|Any CPU
		{2AEA1632-A151-4928-A851-F7B69E065701}.Debug|Any CPU.ActiveCfg = Debug|Any CPU
		{2AEA1632-A151-4928-A851-F7B69E065701}.Debug|Any CPU.Build.0 = Debug|Any CPU
		{2AEA1632-A151-4928-A851-F7B69E065701}.Release|Any CPU.ActiveCfg = Release|Any CPU
		{2AEA1632-A151-4928-A851-F7B69E065701}.Release|Any CPU.Build.0 = Release|Any CPU
		{764B3C74-F231-44D1-987C-8695EE4AA9F2}.Debug|Any CPU.ActiveCfg = Debug|Any CPU
		{764B3C74-F231-44D1-987C-8695EE4AA9F2}.Debug|Any CPU.Build.0 = Debug|Any CPU
		{764B3C74-F231-44D1-987C-8695EE4AA9F2}.Release|Any CPU.ActiveCfg = Release|Any CPU
		{764B3C74-F231-44D1-987C-8695EE4AA9F2}.Release|Any CPU.Build.0 = Release|Any CPU
		{739A7683-6938-4C39-BC93-8CE91A79F6D9}.Debug|Any CPU.ActiveCfg = Debug|Any CPU
		{739A7683-6938-4C39-BC93-8CE91A79F6D9}.Debug|Any CPU.Build.0 = Debug|Any CPU
		{739A7683-6938-4C39-BC93-8CE91A79F6D9}.Release|Any CPU.ActiveCfg = Release|Any CPU
		{739A7683-6938-4C39-BC93-8CE91A79F6D9}.Release|Any CPU.Build.0 = Release|Any CPU
	EndGlobalSection
	GlobalSection(SolutionProperties) = preSolution
		HideSolutionNode = FALSE
	EndGlobalSection
	GlobalSection(NestedProjects) = preSolution
		{51A988FC-FAD8-4623-9083-269BEDBB40E6} = {49A8E193-77F2-40F7-A272-5B419D8280B7}
		{018A8FB7-A878-4859-8EA9-A65F941378AA} = {51A988FC-FAD8-4623-9083-269BEDBB40E6}
		{1129182D-29D6-4BA1-B604-9D5C54CD5096} = {508912C3-AAB5-4B55-B409-C7CA46FB8BB5}
		{508912C3-AAB5-4B55-B409-C7CA46FB8BB5} = {49A8E193-77F2-40F7-A272-5B419D8280B7}
		{93E98A19-33C9-4132-BCCA-020A75165303} = {49A8E193-77F2-40F7-A272-5B419D8280B7}
		{26C3E2DB-2297-4CD3-8337-51A8AC533F9B} = {93E98A19-33C9-4132-BCCA-020A75165303}
		{4E54135A-A2B8-41F6-8167-8241A0D63307} = {93E98A19-33C9-4132-BCCA-020A75165303}
		{F0AB39DC-2965-41FF-A58F-34FCC3F3015F} = {49A8E193-77F2-40F7-A272-5B419D8280B7}
		{D8E4D4B8-878C-4AFB-B5D9-A60AFBE22ECF} = {F0AB39DC-2965-41FF-A58F-34FCC3F3015F}
		{44C5DE78-08FF-41E9-8630-2F574AB278B4} = {F0AB39DC-2965-41FF-A58F-34FCC3F3015F}
		{75DEC4FB-03E3-4924-AC96-C06E8C146E42} = {F0AB39DC-2965-41FF-A58F-34FCC3F3015F}
		{ED46C51C-15C8-4782-8EC1-A7614C570C66} = {F0AB39DC-2965-41FF-A58F-34FCC3F3015F}
		{06453BFF-0E7E-413F-BDCB-5BC69C4CB42C} = {F0AB39DC-2965-41FF-A58F-34FCC3F3015F}
		{2AEA1632-A151-4928-A851-F7B69E065701} = {B163A841-D097-46F5-B3C4-45B15DCAD1F5}
		{764B3C74-F231-44D1-987C-8695EE4AA9F2} = {C02F51B8-30A3-46AF-9419-7CA5809944F1}
		{739A7683-6938-4C39-BC93-8CE91A79F6D9} = {C02F51B8-30A3-46AF-9419-7CA5809944F1}
	EndGlobalSection
	GlobalSection(ExtensibilityGlobals) = postSolution
		SolutionGuid = {6F3DEFA5-02BA-4D90-BD8B-D594A9293CB1}
	EndGlobalSection
EndGlobal
